
Microsoft Visual Studio Solution File, Format Version 12.00
# Visual Studio 15
VisualStudioVersion = 15.0.28307.852
MinimumVisualStudioVersion = 10.0.40219.1
Project("{FAE04EC0-301F-11D3-BF4B-00C04F79EFBC}") = "MaxCounters", "MaxCounters\MaxCounters.csproj", "{F224F8A6-1F02-4D85-883B-1463ED33DF09}"
EndProject
Global
	GlobalSection(SolutionConfigurationPlatforms) = preSolution
		Debug|Any CPU = Debug|Any CPU
		Release|Any CPU = Release|Any CPU
	EndGlobalSection
	GlobalSection(ProjectConfigurationPlatforms) = postSolution
		{F224F8A6-1F02-4D85-883B-1463ED33DF09}.Debug|Any CPU.ActiveCfg = Debug|Any CPU
		{F224F8A6-1F02-4D85-883B-1463ED33DF09}.Debug|Any CPU.Build.0 = Debug|Any CPU
		{F224F8A6-1F02-4D85-883B-1463ED33DF09}.Release|Any CPU.ActiveCfg = Release|Any CPU
		{F224F8A6-1F02-4D85-883B-1463ED33DF09}.Release|Any CPU.Build.0 = Release|Any CPU
	EndGlobalSection
	GlobalSection(SolutionProperties) = preSolution
		HideSolutionNode = FALSE
	EndGlobalSection
	GlobalSection(ExtensibilityGlobals) = postSolution
		SolutionGuid = {290BD2F7-BA72-4FA9-98EB-C77C2F679F19}
	EndGlobalSection
EndGlobal
